
Microsoft Visual Studio Solution File, Format Version 12.00
# Visual Studio Version 17
VisualStudioVersion = 17.11.35222.181
MinimumVisualStudioVersion = 10.0.40219.1
Project("{FAE04EC0-301F-11D3-BF4B-00C04F79EFBC}") = "Tic Tac Toe", "Tic Tac Toe.csproj", "{4BC4D0D8-34D0-4276-A12D-BE7CCDF0C94D}"
EndProject
Global
	GlobalSection(SolutionConfigurationPlatforms) = preSolution
		Debug|Any CPU = Debug|Any CPU
		Release|Any CPU = Release|Any CPU
	EndGlobalSection
	GlobalSection(ProjectConfigurationPlatforms) = postSolution
		{4BC4D0D8-34D0-4276-A12D-BE7CCDF0C94D}.Debug|Any CPU.ActiveCfg = Debug|Any CPU
		{4BC4D0D8-34D0-4276-A12D-BE7CCDF0C94D}.Debug|Any CPU.Build.0 = Debug|Any CPU
		{4BC4D0D8-34D0-4276-A12D-BE7CCDF0C94D}.Release|Any CPU.ActiveCfg = Release|Any CPU
		{4BC4D0D8-34D0-4276-A12D-BE7CCDF0C94D}.Release|Any CPU.Build.0 = Release|Any CPU
	EndGlobalSection
	GlobalSection(SolutionProperties) = preSolution
		HideSolutionNode = FALSE
	EndGlobalSection
	GlobalSection(ExtensibilityGlobals) = postSolution
		SolutionGuid = {CB1CD2E8-9ACA-4F8B-925A-7252CB7058FA}
	EndGlobalSection
EndGlobal
